
Microsoft Visual Studio Solution File, Format Version 12.00
# Visual Studio Version 17
VisualStudioVersion = 17.12.35527.113 d17.12
MinimumVisualStudioVersion = 10.0.40219.1
Project("{FAE04EC0-301F-11D3-BF4B-00C04F79EFBC}") = "Sol_Minimarket.Presentacion", "Sol_Minimarket.Presentacion\Sol_Minimarket.Presentacion.csproj", "{3BCDA9CA-C3A1-4DB4-AF94-DAE9E2CEB88E}"
EndProject
Project("{FAE04EC0-301F-11D3-BF4B-00C04F79EFBC}") = "Sol_Minimarket.Datos", "Sol_Minimarket.Datos\Sol_Minimarket.Datos.csproj", "{C4250299-CEA1-4501-91A6-A000EE060DB9}"
EndProject
Project("{FAE04EC0-301F-11D3-BF4B-00C04F79EFBC}") = "Sol_Minimarket.Negocio", "Sol_Minimarket.Negocio\Sol_Minimarket.Negocio.csproj", "{A4AFCF3D-7F49-43AB-ACDE-9E71FC99AAE2}"
EndProject
Project("{FAE04EC0-301F-11D3-BF4B-00C04F79EFBC}") = "Sol_Minimarket.Entidades", "Sol_Minimarket.Entidades\Sol_Minimarket.Entidades.csproj", "{6B2C0F07-FC3E-49AD-93C8-C81D8A5EFA77}"
EndProject
Global
	GlobalSection(SolutionConfigurationPlatforms) = preSolution
		Debug|Any CPU = Debug|Any CPU
		Release|Any CPU = Release|Any CPU
	EndGlobalSection
	GlobalSection(ProjectConfigurationPlatforms) = postSolution
		{3BCDA9CA-C3A1-4DB4-AF94-DAE9E2CEB88E}.Debug|Any CPU.ActiveCfg = Debug|Any CPU
		{3BCDA9CA-C3A1-4DB4-AF94-DAE9E2CEB88E}.Debug|Any CPU.Build.0 = Debug|Any CPU
		{3BCDA9CA-C3A1-4DB4-AF94-DAE9E2CEB88E}.Release|Any CPU.ActiveCfg = Release|Any CPU
		{3BCDA9CA-C3A1-4DB4-AF94-DAE9E2CEB88E}.Release|Any CPU.Build.0 = Release|Any CPU
		{C4250299-CEA1-4501-91A6-A000EE060DB9}.Debug|Any CPU.ActiveCfg = Debug|Any CPU
		{C4250299-CEA1-4501-91A6-A000EE060DB9}.Debug|Any CPU.Build.0 = Debug|Any CPU
		{C4250299-CEA1-4501-91A6-A000EE060DB9}.Release|Any CPU.ActiveCfg = Release|Any CPU
		{C4250299-CEA1-4501-91A6-A000EE060DB9}.Release|Any CPU.Build.0 = Release|Any CPU
		{A4AFCF3D-7F49-43AB-ACDE-9E71FC99AAE2}.Debug|Any CPU.ActiveCfg = Debug|Any CPU
		{A4AFCF3D-7F49-43AB-ACDE-9E71FC99AAE2}.Debug|Any CPU.Build.0 = Debug|Any CPU
		{A4AFCF3D-7F49-43AB-ACDE-9E71FC99AAE2}.Release|Any CPU.ActiveCfg = Release|Any CPU
		{A4AFCF3D-7F49-43AB-ACDE-9E71FC99AAE2}.Release|Any CPU.Build.0 = Release|Any CPU
		{6B2C0F07-FC3E-49AD-93C8-C81D8A5EFA77}.Debug|Any CPU.ActiveCfg = Debug|Any CPU
		{6B2C0F07-FC3E-49AD-93C8-C81D8A5EFA77}.Debug|Any CPU.Build.0 = Debug|Any CPU
		{6B2C0F07-FC3E-49AD-93C8-C81D8A5EFA77}.Release|Any CPU.ActiveCfg = Release|Any CPU
		{6B2C0F07-FC3E-49AD-93C8-C81D8A5EFA77}.Release|Any CPU.Build.0 = Release|Any CPU
	EndGlobalSection
	GlobalSection(SolutionProperties) = preSolution
		HideSolutionNode = FALSE
	EndGlobalSection
EndGlobal
